
Microsoft Visual Studio Solution File, Format Version 12.00
# Visual Studio Version 17
VisualStudioVersion = 17.4.33213.308
MinimumVisualStudioVersion = 10.0.40219.1
Project("{FAE04EC0-301F-11D3-BF4B-00C04F79EFBC}") = "EFCoreRelationships", "EFCoreRelationships\EFCoreRelationships.csproj", "{F7BA7D67-0EDE-44D6-8CDB-3F5129B3D1CE}"
EndProject
Global
	GlobalSection(SolutionConfigurationPlatforms) = preSolution
		Debug|Any CPU = Debug|Any CPU
		Release|Any CPU = Release|Any CPU
	EndGlobalSection
	GlobalSection(ProjectConfigurationPlatforms) = postSolution
		{F7BA7D67-0EDE-44D6-8CDB-3F5129B3D1CE}.Debug|Any CPU.ActiveCfg = Debug|Any CPU
		{F7BA7D67-0EDE-44D6-8CDB-3F5129B3D1CE}.Debug|Any CPU.Build.0 = Debug|Any CPU
		{F7BA7D67-0EDE-44D6-8CDB-3F5129B3D1CE}.Release|Any CPU.ActiveCfg = Release|Any CPU
		{F7BA7D67-0EDE-44D6-8CDB-3F5129B3D1CE}.Release|Any CPU.Build.0 = Release|Any CPU
	EndGlobalSection
	GlobalSection(SolutionProperties) = preSolution
		HideSolutionNode = FALSE
	EndGlobalSection
	GlobalSection(ExtensibilityGlobals) = postSolution
		SolutionGuid = {1232759F-4F43-447D-9924-E08DBD7E6687}
	EndGlobalSection
EndGlobal
